
Microsoft Visual Studio Solution File, Format Version 12.00
# Visual Studio Version 17
VisualStudioVersion = 17.6.33801.468
MinimumVisualStudioVersion = 10.0.40219.1
Project("{FAE04EC0-301F-11D3-BF4B-00C04F79EFBC}") = "sell_movie", "sell_movie\sell_movie.csproj", "{9C93E961-EED2-4B70-BFED-DB7C91B619F4}"
EndProject
Global
	GlobalSection(SolutionConfigurationPlatforms) = preSolution
		Debug|Any CPU = Debug|Any CPU
		Release|Any CPU = Release|Any CPU
	EndGlobalSection
	GlobalSection(ProjectConfigurationPlatforms) = postSolution
		{9C93E961-EED2-4B70-BFED-DB7C91B619F4}.Debug|Any CPU.ActiveCfg = Debug|Any CPU
		{9C93E961-EED2-4B70-BFED-DB7C91B619F4}.Debug|Any CPU.Build.0 = Debug|Any CPU
		{9C93E961-EED2-4B70-BFED-DB7C91B619F4}.Release|Any CPU.ActiveCfg = Release|Any CPU
		{9C93E961-EED2-4B70-BFED-DB7C91B619F4}.Release|Any CPU.Build.0 = Release|Any CPU
	EndGlobalSection
	GlobalSection(SolutionProperties) = preSolution
		HideSolutionNode = FALSE
	EndGlobalSection
	GlobalSection(ExtensibilityGlobals) = postSolution
		SolutionGuid = {9D369896-1EBB-4CE6-AA5D-CC39E295D4C1}
	EndGlobalSection
EndGlobal
